{
  "nodes": {
    "home-manager": {
      "inputs": {
        "nixpkgs": [
          "nixpkgs"
        ]
      },
      "locked": {
        "lastModified": 1720042825,
        "narHash": "sha256-A0vrUB6x82/jvf17qPCpxaM+ulJnD8YZwH9Ci0BsAzE=",
        "owner": "nix-community",
        "repo": "home-manager",
        "rev": "e1391fb22e18a36f57e6999c7a9f966dc80ac073",
        "type": "github"
      },
      "original": {
        "owner": "nix-community",
        "ref": "release-24.05",
        "repo": "home-manager",
        "type": "github"
      }
    },
    "nixpkgs": {
      "locked": {
        "lastModified": 1723816298,
        "narHash": "sha256-ek5BZcUrIiBO9R5VY03vnOPbxZSi47A5NskPwHvqXVY=",
        "owner": "nixos",
        "repo": "nixpkgs",
        "rev": "7c23c073dccbb1dfb063b5ce676db365790b2389",
        "type": "github"
      },
      "original": {
        "owner": "nixos",
        "ref": "release-24.05",
        "repo": "nixpkgs",
        "type": "github"
      }
    },
    "nixpkgs-unstable": {
      "locked": {
        "lastModified": 1741010256,
        "narHash": "sha256-WZNlK/KX7Sni0RyqLSqLPbK8k08Kq7H7RijPJbq9KHM=",
        "owner": "nixos",
        "repo": "nixpkgs",
        "rev": "ba487dbc9d04e0634c64e3b1f0d25839a0a68246",
        "type": "github"
      },
      "original": {
        "owner": "nixos",
        "ref": "nixos-unstable",
        "repo": "nixpkgs",
        "type": "github"
      }
    },
    "nur": {
      "locked": {
        "lastModified": 1723815900,
        "narHash": "sha256-USeM2VAo6DDN8yq6Ve02+ZQB8bqqSBqBfOfkuOmtzUE=",
        "owner": "nix-community",
        "repo": "NUR",
        "rev": "4b5ae3627ff2bbe71adc1502f1321fcbb52006da",
        "type": "github"
      },
      "original": {
        "owner": "nix-community",
        "repo": "NUR",
        "type": "github"
      }
    },
    "root": {
      "inputs": {
        "home-manager": "home-manager",
        "nixpkgs": "nixpkgs",
        "nixpkgs-unstable": "nixpkgs-unstable",
        "nur": "nur"
      }
    }
  },
  "root": "root",
  "version": 7
}
